
Microsoft Visual Studio Solution File, Format Version 12.00
# Visual Studio Version 16
VisualStudioVersion = 16.0.32106.194
MinimumVisualStudioVersion = 10.0.40219.1
Project("{FAE04EC0-301F-11D3-BF4B-00C04F79EFBC}") = "ProjetoEcommerce - Remaster", "ProjetoEcommerce - Remaster\ProjetoEcommerce - Remaster.csproj", "{3CBCAAE0-130A-4EE9-ACB0-A1F23E38D2F5}"
EndProject
Global
	GlobalSection(SolutionConfigurationPlatforms) = preSolution
		Debug|Any CPU = Debug|Any CPU
		Release|Any CPU = Release|Any CPU
	EndGlobalSection
	GlobalSection(ProjectConfigurationPlatforms) = postSolution
		{3CBCAAE0-130A-4EE9-ACB0-A1F23E38D2F5}.Debug|Any CPU.ActiveCfg = Debug|Any CPU
		{3CBCAAE0-130A-4EE9-ACB0-A1F23E38D2F5}.Debug|Any CPU.Build.0 = Debug|Any CPU
		{3CBCAAE0-130A-4EE9-ACB0-A1F23E38D2F5}.Release|Any CPU.ActiveCfg = Release|Any CPU
		{3CBCAAE0-130A-4EE9-ACB0-A1F23E38D2F5}.Release|Any CPU.Build.0 = Release|Any CPU
	EndGlobalSection
	GlobalSection(SolutionProperties) = preSolution
		HideSolutionNode = FALSE
	EndGlobalSection
	GlobalSection(ExtensibilityGlobals) = postSolution
		SolutionGuid = {702FE9BB-278C-407D-BCBC-3471802E550D}
	EndGlobalSection
EndGlobal
